lockfileVersion: '6.0'

settings:
  autoInstallPeers: true
  excludeLinksFromLockfile: false

devDependencies:
  '@types/mocha':
    specifier: ^5.2.7
    version: 5.2.7
  '@types/node':
    specifier: ^14.6.0
    version: 14.6.0
  '@typescript-eslint/eslint-plugin':
    specifier: ^3.9.1
    version: 3.9.1(@typescript-eslint/parser@3.9.1)(eslint@7.7.0)(typescript@3.5.3)
  '@typescript-eslint/parser':
    specifier: ^3.9.1
    version: 3.9.1(eslint@7.7.0)(typescript@3.5.3)
  eslint:
    specifier: ^7.7.0
    version: 7.7.0
  jsdoc-to-markdown:
    specifier: ^4.0.1
    version: 4.0.1
  mocha:
    specifier: ^5.2.0
    version: 5.2.0
  typescript:
    specifier: ^3.5.3
    version: 3.5.3
  vet:
    specifier: ^2.6.0
    version: 2.6.0

packages:

  /@babel/code-frame@7.10.4:
    resolution: {integrity: sha512-vG6SvB6oYEhvgisZNFRmRCUkLz11c7rp+tbNTynGqc6mS1d5ATd/sGyV6W0KZZnXRKMTzZDRgQT3Ou9jhpAfUg==}
    dependencies:
      '@babel/highlight': 7.10.4
    dev: true

  /@babel/helper-validator-identifier@7.10.4:
    resolution: {integrity: sha512-3U9y+43hz7ZM+rzG24Qe2mufW5KhvFg/NhnNph+i9mgCtdTCtMJuI1TMkrIUiK7Ix4PYlRF9I5dhqaLYA/ADXw==}
    dev: true

  /@babel/highlight@7.10.4:
    resolution: {integrity: sha512-i6rgnR/YgPEQzZZnbTHHuZdlE8qyoBNalD6F+q4vAFlcMEcqmkoG+mPqJYJCo63qPf74+Y1UZsl3l6f7/RIkmA==}
    dependencies:
      '@babel/helper-validator-identifier': 7.10.4
      chalk: 2.4.2
      js-tokens: 4.0.0
    dev: true

  /@types/color-name@1.1.1:
    resolution: {integrity: sha512-rr+OQyAjxze7GgWrSaJwydHStIhHq2lvY3BOC2Mj7KnzI7XK0Uw1TOOdI9lDoajEbSWLiYgoo4f1R51erQfhPQ==}
    dev: true

  /@types/eslint-visitor-keys@1.0.0:
    resolution: {integrity: sha512-OCutwjDZ4aFS6PB1UZ988C4YgwlBHJd6wCeQqaLdmadZ/7e+w79+hbMUFC1QXDNCmdyoRfAFdm0RypzwR+Qpag==}
    dev: true

  /@types/json-schema@7.0.5:
    resolution: {integrity: sha512-7+2BITlgjgDhH0vvwZU/HZJVyk+2XUlvxXe8dFMedNX/aMkaOq++rMAFXc0tM7ij15QaWlbdQASBR9dihi+bDQ==}
    dev: true

  /@types/mocha@5.2.7:
    resolution: {integrity: sha512-NYrtPht0wGzhwe9+/idPaBB+TqkY9AhTvOLMkThm0IoEfLaiVQZwBwyJ5puCkO3AUCWrmcoePjp2mbFocKy4SQ==}
    dev: true

  /@types/node@14.6.0:
    resolution: {integrity: sha512-mikldZQitV94akrc4sCcSjtJfsTKt4p+e/s0AGscVA6XArQ9kFclP+ZiYUMnq987rc6QlYxXv/EivqlfSLxpKA==}
    dev: true

  /@typescript-eslint/eslint-plugin@3.9.1(@typescript-eslint/parser@3.9.1)(eslint@7.7.0)(typescript@3.5.3):
    resolution: {integrity: sha512-XIr+Mfv7i4paEdBf0JFdIl9/tVxyj+rlilWIfZ97Be0lZ7hPvUbS5iHt9Glc8kRI53dsr0PcAEudbf8rO2wGgg==}
    engines: {node: ^10.12.0 || >=12.0.0}
    peerDependencies:
      '@typescript-eslint/parser': ^3.0.0
      eslint: ^5.0.0 || ^6.0.0 || ^7.0.0
      typescript: '*'
    peerDependenciesMeta:
      typescript:
        optional: true
    dependencies:
      '@typescript-eslint/experimental-utils': 3.9.1(eslint@7.7.0)(typescript@3.5.3)
      '@typescript-eslint/parser': 3.9.1(eslint@7.7.0)(typescript@3.5.3)
      debug: 4.1.1
      eslint: 7.7.0
      functional-red-black-tree: 1.0.1
      regexpp: 3.1.0
      semver: 7.3.2
      tsutils: 3.17.1(typescript@3.5.3)
      typescript: 3.5.3
    transitivePeerDependencies:
      - supports-color
    dev: true

  /@typescript-eslint/experimental-utils@3.9.1(eslint@7.7.0)(typescript@3.5.3):
    resolution: {integrity: sha512-lkiZ8iBBaYoyEKhCkkw4SAeatXyBq9Ece5bZXdLe1LWBUwTszGbmbiqmQbwWA8cSYDnjWXp9eDbXpf9Sn0hLAg==}
    engines: {node: ^10.12.0 || >=12.0.0}
    peerDependencies:
      eslint: '*'
    dependencies:
      '@types/json-schema': 7.0.5
      '@typescript-eslint/types': 3.9.1
      '@typescript-eslint/typescript-estree': 3.9.1(typescript@3.5.3)
      eslint: 7.7.0
      eslint-scope: 5.1.0
      eslint-utils: 2.1.0
    transitivePeerDependencies:
      - supports-color
      - typescript
    dev: true

  /@typescript-eslint/parser@3.9.1(eslint@7.7.0)(typescript@3.5.3):
    resolution: {integrity: sha512-y5QvPFUn4Vl4qM40lI+pNWhTcOWtpZAJ8pOEQ21fTTW4xTJkRplMjMRje7LYTXqVKKX9GJhcyweMz2+W1J5bMg==}
    engines: {node: ^10.12.0 || >=12.0.0}
    peerDependencies:
      eslint: ^5.0.0 || ^6.0.0 || ^7.0.0
      typescript: '*'
    peerDependenciesMeta:
      typescript:
        optional: true
    dependencies:
      '@types/eslint-visitor-keys': 1.0.0
      '@typescript-eslint/experimental-utils': 3.9.1(eslint@7.7.0)(typescript@3.5.3)
      '@typescript-eslint/types': 3.9.1
      '@typescript-eslint/typescript-estree': 3.9.1(typescript@3.5.3)
      eslint: 7.7.0
      eslint-visitor-keys: 1.3.0
      typescript: 3.5.3
    transitivePeerDependencies:
      - supports-color
    dev: true

  /@typescript-eslint/types@3.9.1:
    resolution: {integrity: sha512-15JcTlNQE1BsYy5NBhctnEhEoctjXOjOK+Q+rk8ugC+WXU9rAcS2BYhoh6X4rOaXJEpIYDl+p7ix+A5U0BqPTw==}
    engines: {node: ^8.10.0 || ^10.13.0 || >=11.10.1}
    dev: true

  /@typescript-eslint/typescript-estree@3.9.1(typescript@3.5.3):
    resolution: {integrity: sha512-IqM0gfGxOmIKPhiHW/iyAEXwSVqMmR2wJ9uXHNdFpqVvPaQ3dWg302vW127sBpAiqM9SfHhyS40NKLsoMpN2KA==}
    engines: {node: ^10.12.0 || >=12.0.0}
    peerDependencies:
      typescript: '*'
    peerDependenciesMeta:
      typescript:
        optional: true
    dependencies:
      '@typescript-eslint/types': 3.9.1
      '@typescript-eslint/visitor-keys': 3.9.1
      debug: 4.1.1
      glob: 7.1.6
      is-glob: 4.0.1
      lodash: 4.17.20
      semver: 7.3.2
      tsutils: 3.17.1(typescript@3.5.3)
      typescript: 3.5.3
    transitivePeerDependencies:
      - supports-color
    dev: true

  /@typescript-eslint/visitor-keys@3.9.1:
    resolution: {integrity: sha512-zxdtUjeoSh+prCpogswMwVUJfEFmCOjdzK9rpNjNBfm6EyPt99x3RrJoBOGZO23FCt0WPKUCOL5mb/9D5LjdwQ==}
    engines: {node: ^8.10.0 || ^10.13.0 || >=11.10.1}
    dependencies:
      eslint-visitor-keys: 1.3.0
    dev: true

  /acorn-jsx@5.2.0(acorn@7.4.0):
    resolution: {integrity: sha512-HiUX/+K2YpkpJ+SzBffkM/AQ2YE03S0U1kjTLVpoJdhZMOWy8qvXVN9JdLqv2QsaQ6MPYQIuNmwD8zOiYUofLQ==}
    peerDependencies:
      acorn: ^6.0.0 || ^7.0.0
    dependencies:
      acorn: 7.4.0
    dev: true

  /acorn@7.4.0:
    resolution: {integrity: sha512-+G7P8jJmCHr+S+cLfQxygbWhXy+8YTVGzAkpEbcLo2mLoL7tij/VG41QSHACSf5QgYRhMZYHuNc6drJaO0Da+w==}
    engines: {node: '>=0.4.0'}
    hasBin: true
    dev: true

  /ajv@6.12.4:
    resolution: {integrity: sha512-eienB2c9qVQs2KWexhkrdMLVDoIQCz5KSeLxwg9Lzk4DOfBtIK9PQwwufcsn1jjGuf9WZmqPMbGxOzfcuphJCQ==}
    dependencies:
      fast-deep-equal: 3.1.3
      fast-json-stable-stringify: 2.1.0
      json-schema-traverse: 0.4.1
      uri-js: 4.2.2
    dev: true

  /ansi-colors@4.1.1:
    resolution: {integrity: sha512-JoX0apGbHaUJBNl6yF+p6JAFYZ666/hhCGKN5t9QFjbJQKUU/g8MNbFDbvfrgKXvI1QpZplPOnwIo99lX/AAmA==}
    engines: {node: '>=6'}
    dev: true

  /ansi-escape-sequences@4.1.0:
    resolution: {integrity: sha512-dzW9kHxH011uBsidTXd14JXgzye/YLb2LzeKZ4bsgl/Knwx8AtbSFkkGxagdNOoh0DlqHCmfiEjWKBaqjOanVw==}
    engines: {node: '>=8.0.0'}
    dependencies:
      array-back: 3.1.0
    dev: true

  /ansi-regex@4.1.1:
    resolution: {integrity: sha512-ILlv4k/3f6vfQ4OoP2AGvirOktlQ98ZEL1k9FaQjxa3L1abBgbuTDAdPOpvbGncC0BTVQrl+OM8xZGK6tWXt7g==}
    engines: {node: '>=6'}
    dev: true

  /ansi-regex@5.0.0:
    resolution: {integrity: sha512-bY6fj56OUQ0hU1KjFNDQuJFezqKdrAyFdIevADiqrWHwSlbmBNMHp5ak2f40Pm8JTFyM2mqxkG6ngkHO11f/lg==}
    engines: {node: '>=8'}
    dev: true

  /ansi-styles@3.2.1:
    resolution: {integrity: sha512-VT0ZI6kZRdTh8YyJw3SMbYm/u+NqfsAxEpWO0Pf9sq8/e94WxxOpPKx9FR1FlyCtOVDNOQ+8ntlqFxiRc+r5qA==}
    engines: {node: '>=4'}
    dependencies:
      color-convert: 1.9.3
    dev: true

  /ansi-styles@4.2.1:
    resolution: {integrity: sha512-9VGjrMsG1vePxcSweQsN20KY/c4zN0h9fLjqAbwbPfahM3t+NL+M9HC8xeXG2I8pX5NoamTGNuomEUFI7fcUjA==}
    engines: {node: '>=8'}
    dependencies:
      '@types/color-name': 1.1.1
      color-convert: 2.0.1
    dev: true

  /argparse@1.0.10:
    resolution: {integrity: sha512-o5Roy6tNG4SL/FOkCAN6RzjiakZS25RLYFrcMttJqbdd8BWrnA+fGz57iN5Pb06pvBGvl5gQ0B48dJlslXvoTg==}
    dependencies:
      sprintf-js: 1.0.3
    dev: true

  /array-back@1.0.4:
    resolution: {integrity: sha1-ZEun8JX3/898Q7Xw3DnTwfA8Bjs=}
    engines: {node: '>=0.12.0'}
    dependencies:
      typical: 2.6.1
    dev: true

  /array-back@2.0.0:
    resolution: {integrity: sha512-eJv4pLLufP3g5kcZry0j6WXpIbzYw9GUB4mVJZno9wfwiBxbizTnHCw3VJb07cBihbFX48Y7oSrW9y+gt4glyw==}
    engines: {node: '>=4'}
    dependencies:
      typical: 2.6.1
    dev: true

  /array-back@3.1.0:
    resolution: {integrity: sha512-TkuxA4UCOvxuDK6NZYXCalszEzj+TLszyASooky+i742l9TqsOdYCMJJupxRic61hwquNtppB3hgcuq9SVSH1Q==}
    engines: {node: '>=6'}
    dev: true

  /astral-regex@1.0.0:
    resolution: {integrity: sha512-+Ryf6g3BKoRc7jfp7ad8tM4TtMiaWvbF/1/sQcZPkkS7ag3D5nMBCe2UfOTONtAkaG0tO0ij3C5Lwmf1EiyjHg==}
    engines: {node: '>=4'}
    dev: true

  /babylon@7.0.0-beta.19:
    resolution: {integrity: sha512-Vg0C9s/REX6/WIXN37UKpv5ZhRi6A4pjHlpkE34+8/a6c2W1Q692n3hmc+SZG5lKRnaExLUbxtJ1SVT+KaCQ/A==}
    engines: {node: '>=4.2.0'}
    hasBin: true
    dev: true

  /balanced-match@1.0.0:
    resolution: {integrity: sha1-ibTRmasr7kneFk6gK4nORi1xt2c=}
    dev: true

  /bluebird@3.5.5:
    resolution: {integrity: sha512-5am6HnnfN+urzt4yfg7IgTbotDjIT/u8AJpEt0sIU9FtXfVeezXAPKswrG+xKUCOYAINpSdgZVDU6QFh+cuH3w==}
    dev: true

  /brace-expansion@1.1.11:
    resolution: {integrity: sha512-iCuPHDFgrHX7H2vEI/5xpz07zSHB00TpugqhmYtVmMO6518mCuRMoOYFldEBl0g187ufozdaHgWKcYFb61qGiA==}
    dependencies:
      balanced-match: 1.0.0
      concat-map: 0.0.1
    dev: true

  /browser-stdout@1.3.1:
    resolution: {integrity: sha512-qhAVI1+Av2X7qelOfAIYwXONood6XlZE/fXaBSmW/T5SzLAmCgzi+eiWE7fUvbHaeNBQH13UftjpXxsfLkMpgw==}
    dev: true

  /cache-point@0.4.1:
    resolution: {integrity: sha512-4TgWfe9SF+bUy5cCql8gWHqKNrviufNwSYxLjf2utB0pY4+bdcuFwMmY1hDB+67Gz/L1vmhFNhePAjJTFBtV+Q==}
    engines: {node: '>=4.0.0'}
    dependencies:
      array-back: 2.0.0
      fs-then-native: 2.0.0
      mkdirp2: 1.0.4
    dev: true

  /callsites@3.1.0:
    resolution: {integrity: sha512-P8BjAsXvZS+VIDUI11hHCQEv74YT67YUi5JJFNWIqL235sBmjX4+qx9Muvls5ivyNENctx46xQLQ3aTuE7ssaQ==}
    engines: {node: '>=6'}
    dev: true

  /catharsis@0.8.10:
    resolution: {integrity: sha512-l2OUaz/3PU3MZylspVFJvwHCVfWyvcduPq4lv3AzZ2pJzZCo7kNKFNyatwujD7XgvGkNAE/Jhhbh2uARNwNkfw==}
    engines: {node: '>= 8'}
    dependencies:
      lodash: 4.17.14
    dev: true

  /chalk@2.4.2:
    resolution: {integrity: sha512-Mti+f9lpJNcwF4tWV8/OrTTtF1gZi+f8FqlyAdouralcFWFQWF2+NgCHShjkCb+IFBLq9buZwE1xckQU4peSuQ==}
    engines: {node: '>=4'}
    dependencies:
      ansi-styles: 3.2.1
      escape-string-regexp: 1.0.5
      supports-color: 5.5.0
    dev: true

  /chalk@4.1.0:
    resolution: {integrity: sha512-qwx12AxXe2Q5xQ43Ac//I6v5aXTipYrSESdOgzrN+9XjgEpyjpKuvSGaN4qE93f7TQTlerQQ8S+EQ0EyDoVL1A==}
    engines: {node: '>=10'}
    dependencies:
      ansi-styles: 4.2.1
      supports-color: 7.1.0
    dev: true

  /collect-all@1.0.3:
    resolution: {integrity: sha512-0y0rBgoX8IzIjBAUnO73SEtSb4Mhk3IoceWJq5zZSxb9mWORhWH8xLYo4EDSOE1jRBk1LhmfjqWFFt10h/+MEA==}
    engines: {node: '>=0.10.0'}
    dependencies:
      stream-connect: 1.0.2
      stream-via: 1.0.4
    dev: true

  /color-convert@1.9.3:
    resolution: {integrity: sha512-QfAUtd+vFdAtFQcC8CCyYt1fYWxSqAiK2cSD6zDB8N3cpsEBAvRxp9zOGg6G/SHHJYAT88/az/IuDGALsNVbGg==}
    dependencies:
      color-name: 1.1.3
    dev: true

  /color-convert@2.0.1:
    resolution: {integrity: sha512-RRECPsj7iu/xb5oKYcsFHSppFNnsj/52OVTRKb4zP5onXwVF3zVmmToNcOfGC+CRDpfK/U584fMg38ZHCaElKQ==}
    engines: {node: '>=7.0.0'}
    dependencies:
      color-name: 1.1.4
    dev: true

  /color-name@1.1.3:
    resolution: {integrity: sha1-p9BVi9icQveV3UIyj3QIMcpTvCU=}
    dev: true

  /color-name@1.1.4:
    resolution: {integrity: sha512-dOy+3AuW3a2wNbZHIuMZpTcgjGuLU/uBL/ubcZF9OXbDo8ff4O8yVp5Bf0efS8uEoYo5q4Fx7dY9OgQGXgAsQA==}
    dev: true

  /command-line-args@5.1.1:
    resolution: {integrity: sha512-hL/eG8lrll1Qy1ezvkant+trihbGnaKaeEjj6Scyr3DN+RC7iQ5Rz84IeLERfAWDGo0HBSNAakczwgCilDXnWg==}
    engines: {node: '>=4.0.0'}
    dependencies:
      array-back: 3.1.0
      find-replace: 3.0.0
      lodash.camelcase: 4.3.0
      typical: 4.0.0
    dev: true

  /command-line-tool@0.8.0:
    resolution: {integrity: sha512-Xw18HVx/QzQV3Sc5k1vy3kgtOeGmsKIqwtFFoyjI4bbcpSgnw2CWVULvtakyw4s6fhyAdI6soQQhXc2OzJy62g==}
    engines: {node: '>=4.0.0'}
    dependencies:
      ansi-escape-sequences: 4.1.0
      array-back: 2.0.0
      command-line-args: 5.1.1
      command-line-usage: 4.1.0
      typical: 2.6.1
    dev: true

  /command-line-usage@4.1.0:
    resolution: {integrity: sha512-MxS8Ad995KpdAC0Jopo/ovGIroV/m0KHwzKfXxKag6FHOkGsH8/lv5yjgablcRxCJJC0oJeUMuO/gmaq+Wq46g==}
    engines: {node: '>=4.0.0'}
    dependencies:
      ansi-escape-sequences: 4.1.0
      array-back: 2.0.0
      table-layout: 0.4.5
      typical: 2.6.1
    dev: true

  /commander@2.15.1:
    resolution: {integrity: sha512-VlfT9F3V0v+jr4yxPc5gg9s62/fIVWsd2Bk2iD435um1NlGMYdVCq+MjcXnhYq2icNOizHr1kK+5TI6H0Hy0ag==}
    dev: true

  /commander@2.20.0:
    resolution: {integrity: sha512-7j2y+40w61zy6YC2iRNpUe/NwhNyoXrYpHMrSunaMG64nRnaf96zO/KMQR4OyN/UnE5KLyEBnKHd4aG3rskjpQ==}
    dev: true
    optional: true

  /common-sequence@1.0.2:
    resolution: {integrity: sha1-MOB/P49vf5s97oVPILLTnu4Ibeg=}
    engines: {node: '>=0.10.0'}
    dev: true

  /concat-map@0.0.1:
    resolution: {integrity: sha1-2Klr13/Wjfd5OnMDajug1UBdR3s=}
    dev: true

  /config-master@3.1.0:
    resolution: {integrity: sha1-ZnZjWQUFooO/JqSE1oSJ10xUhdo=}
    dependencies:
      walk-back: 2.0.1
    dev: true

  /cross-spawn@7.0.3:
    resolution: {integrity: sha512-iRDPJKUPVEND7dHPO8rkbOnPpyDygcDFtWjpeWNCgy8WP2rXcxXL8TskReQl6OrB2G7+UJrags1q15Fudc7G6w==}
    engines: {node: '>= 8'}
    dependencies:
      path-key: 3.1.1
      shebang-command: 2.0.0
      which: 2.0.2
    dev: true

  /debug@3.1.0(supports-color@5.4.0):
    resolution: {integrity: sha512-OX8XqP7/1a9cqkxYw2yXss15f26NKWBpDXQd0/uK/KPqdQhxbPa994hnzjcE2VqQpDslf55723cKPUOGSmMY3g==}
    peerDependencies:
      supports-color: '*'
    peerDependenciesMeta:
      supports-color:
        optional: true
    dependencies:
      ms: 2.0.0
      supports-color: 5.4.0
    dev: true

  /debug@4.1.1:
    resolution: {integrity: sha512-pYAIzeRo8J6KPEaJ0VWOh5Pzkbw/RetuzehGM7QRRX5he4fPHx2rdKMB256ehJCkX+XRQm16eZLqLNS8RSZXZw==}
    peerDependencies:
      supports-color: '*'
    peerDependenciesMeta:
      supports-color:
        optional: true
    dependencies:
      ms: 2.1.2
    dev: true

  /deep-extend@0.6.0:
    resolution: {integrity: sha512-LOHxIOaPYdHlJRtCQfDIVZtfw/ufM8+rVj649RIHzcm/vGwQRXFt6OPqIFWsm2XEMrNIEtWR64sY1LEKD2vAOA==}
    engines: {node: '>=4.0.0'}
    dev: true

  /deep-is@0.1.3:
    resolution: {integrity: sha1-s2nW+128E+7PUk+RsHD+7cNXzzQ=}
    dev: true

  /diff@3.5.0:
    resolution: {integrity: sha512-A46qtFgd+g7pDZinpnwiRJtxbC1hpgf0uzP3iG89scHk0AUC7A1TGxf5OiiOUv/JMZR8GOt8hL900hV0bOy5xA==}
    engines: {node: '>=0.3.1'}
    dev: true

  /dmd@3.0.13:
    resolution: {integrity: sha512-FV/417bH2c/CYpe8BjFEAHoaHaItcJnPlKELi/qyPZdmUom8joyuC78OhhfPUdyKD/WcouTQ2LxQT4M/RoiJ3w==}
    engines: {node: '>=4.0.0'}
    dependencies:
      array-back: 2.0.0
      cache-point: 0.4.1
      common-sequence: 1.0.2
      file-set: 2.0.1
      handlebars: 4.1.2
      marked: 0.3.19
      object-get: 2.1.0
      reduce-flatten: 1.0.1
      reduce-unique: 1.0.0
      reduce-without: 1.0.1
      test-value: 3.0.0
      walk-back: 3.0.1
    dev: true

  /doctrine@3.0.0:
    resolution: {integrity: sha512-yS+Q5i3hBf7GBkd4KG8a7eBNNWNGLTaEwwYWUijIYM7zrlYDM0BFXHjjPWlWZ1Rg7UaddZeIDmi9jF3HmqiQ2w==}
    engines: {node: '>=6.0.0'}
    dependencies:
      esutils: 2.0.3
    dev: true

  /emoji-regex@7.0.3:
    resolution: {integrity: sha512-CwBLREIQ7LvYFB0WyRvwhq5N5qPhc6PMjD6bYggFlI5YyDgl+0vxq5VHbMOFqLg7hfWzmu8T5Z1QofhmTIhItA==}
    dev: true

  /enquirer@2.3.6:
    resolution: {integrity: sha512-yjNnPr315/FjS4zIsUxYguYUPP2e1NK4d7E7ZOLiyYCcbFBiTMyID+2wvm2w6+pZ/odMA7cRkjhsPbltwBOrLg==}
    engines: {node: '>=8.6'}
    dependencies:
      ansi-colors: 4.1.1
    dev: true

  /escape-string-regexp@1.0.5:
    resolution: {integrity: sha1-G2HAViGQqN/2rjuyzwIAyhMLhtQ=}
    engines: {node: '>=0.8.0'}
    dev: true

  /eslint-scope@5.1.0:
    resolution: {integrity: sha512-iiGRvtxWqgtx5m8EyQUJihBloE4EnYeGE/bz1wSPwJE6tZuJUtHlhqDM4Xj2ukE8Dyy1+HCZ4hE0fzIVMzb58w==}
    engines: {node: '>=8.0.0'}
    dependencies:
      esrecurse: 4.2.1
      estraverse: 4.3.0
    dev: true

  /eslint-utils@2.1.0:
    resolution: {integrity: sha512-w94dQYoauyvlDc43XnGB8lU3Zt713vNChgt4EWwhXAP2XkBvndfxF0AgIqKOOasjPIPzj9JqgwkwbCYD0/V3Zg==}
    engines: {node: '>=6'}
    dependencies:
      eslint-visitor-keys: 1.3.0
    dev: true

  /eslint-visitor-keys@1.3.0:
    resolution: {integrity: sha512-6J72N8UNa462wa/KFODt/PJ3IU60SDpC3QXC1Hjc1BXXpfL2C9R5+AU7jhe0F6GREqVMh4Juu+NY7xn+6dipUQ==}
    engines: {node: '>=4'}
    dev: true

  /eslint@7.7.0:
    resolution: {integrity: sha512-1KUxLzos0ZVsyL81PnRN335nDtQ8/vZUD6uMtWbF+5zDtjKcsklIi78XoE0MVL93QvWTu+E5y44VyyCsOMBrIg==}
    engines: {node: ^10.12.0 || >=12.0.0}
    hasBin: true
    dependencies:
      '@babel/code-frame': 7.10.4
      ajv: 6.12.4
      chalk: 4.1.0
      cross-spawn: 7.0.3
      debug: 4.1.1
      doctrine: 3.0.0
      enquirer: 2.3.6
      eslint-scope: 5.1.0
      eslint-utils: 2.1.0
      eslint-visitor-keys: 1.3.0
      espree: 7.2.0
      esquery: 1.3.1
      esutils: 2.0.3
      file-entry-cache: 5.0.1
      functional-red-black-tree: 1.0.1
      glob-parent: 5.1.1
      globals: 12.4.0
      ignore: 4.0.6
      import-fresh: 3.2.1
      imurmurhash: 0.1.4
      is-glob: 4.0.1
      js-yaml: 3.14.0
      json-stable-stringify-without-jsonify: 1.0.1
      levn: 0.4.1
      lodash: 4.17.20
      minimatch: 3.0.4
      natural-compare: 1.4.0
      optionator: 0.9.1
      progress: 2.0.3
      regexpp: 3.1.0
      semver: 7.3.2
      strip-ansi: 6.0.0
      strip-json-comments: 3.1.1
      table: 5.4.6
      text-table: 0.2.0
      v8-compile-cache: 2.1.1
    transitivePeerDependencies:
      - supports-color
    dev: true

  /espree@7.2.0:
    resolution: {integrity: sha512-H+cQ3+3JYRMEIOl87e7QdHX70ocly5iW4+dttuR8iYSPr/hXKFb+7dBsZ7+u1adC4VrnPlTkv0+OwuPnDop19g==}
    engines: {node: ^10.12.0 || >=12.0.0}
    dependencies:
      acorn: 7.4.0
      acorn-jsx: 5.2.0(acorn@7.4.0)
      eslint-visitor-keys: 1.3.0
    dev: true

  /esprima@4.0.1:
    resolution: {integrity: sha512-eGuFFw7Upda+g4p+QHvnW0RyTX/SVeJBDM/gCtMARO0cLuT2HcEKnTPvhjV6aGeqrCB/sbNop0Kszm0jsaWU4A==}
    engines: {node: '>=4'}
    hasBin: true
    dev: true

  /esquery@1.3.1:
    resolution: {integrity: sha512-olpvt9QG0vniUBZspVRN6lwB7hOZoTRtT+jzR+tS4ffYx2mzbw+z0XCOk44aaLYKApNX5nMm+E+P6o25ip/DHQ==}
    engines: {node: '>=0.10'}
    dependencies:
      estraverse: 5.2.0
    dev: true

  /esrecurse@4.2.1:
    resolution: {integrity: sha512-64RBB++fIOAXPw3P9cy89qfMlvZEXZkqqJkjqqXIvzP5ezRZjW+lPWjw35UX/3EhUPFYbg5ER4JYgDw4007/DQ==}
    engines: {node: '>=4.0'}
    dependencies:
      estraverse: 4.3.0
    dev: true

  /estraverse@4.3.0:
    resolution: {integrity: sha512-39nnKffWz8xN1BU/2c79n9nB9HDzo0niYUqx6xyqUnyoAnQyyWpOTdZEeiCch8BBu515t4wp9ZmgVfVhn9EBpw==}
    engines: {node: '>=4.0'}
    dev: true

  /estraverse@5.2.0:
    resolution: {integrity: sha512-BxbNGGNm0RyRYvUdHpIwv9IWzeM9XClbOxwoATuFdOE7ZE6wHL+HQ5T8hoPM+zHvmKzzsEqhgy0GrQ5X13afiQ==}
    engines: {node: '>=4.0'}
    dev: true

  /esutils@2.0.3:
    resolution: {integrity: sha512-kVscqXk4OCp68SZ0dkgEKVi6/8ij300KBWTJq32P/dYeWTSwK41WyTxalN1eRmA5Z9UU/LX9D7FWSmV9SAYx6g==}
    engines: {node: '>=0.10.0'}
    dev: true

  /fast-deep-equal@3.1.3:
    resolution: {integrity: sha512-f3qQ9oQy9j2AhBe/H9VC91wLmKBCCU/gDOnKNAYG5hswO7BLKj09Hc5HYNz9cGI++xlpDCIgDaitVs03ATR84Q==}
    dev: true

  /fast-json-stable-stringify@2.1.0:
    resolution: {integrity: sha512-lhd/wF+Lk98HZoTCtlVraHtfh5XYijIjalXck7saUtuanSDyLMxnHhSXEDJqHxD7msR8D0uCmqlkwjCV8xvwHw==}
    dev: true

  /fast-levenshtein@2.0.6:
    resolution: {integrity: sha1-PYpcZog6FqMMqGQ+hR8Zuqd5eRc=}
    dev: true

  /file-entry-cache@5.0.1:
    resolution: {integrity: sha512-bCg29ictuBaKUwwArK4ouCaqDgLZcysCFLmM/Yn/FDoqndh/9vNuQfXRDvTuXKLxfD/JtZQGKFT8MGcJBK644g==}
    engines: {node: '>=4'}
    dependencies:
      flat-cache: 2.0.1
    dev: true

  /file-set@2.0.1:
    resolution: {integrity: sha512-XgOUUpgR6FbbfYcniLw0qm1Am7PnNYIAkd+eXxRt42LiYhjaso0WiuQ+VmrNdtwotyM+cLCfZ56AZrySP3QnKA==}
    dependencies:
      array-back: 2.0.0
      glob: 7.1.4
    dev: true

  /find-replace@3.0.0:
    resolution: {integrity: sha512-6Tb2myMioCAgv5kfvP5/PkZZ/ntTpVK39fHY7WkWBgvbeE+VHd/tZuZ4mrC+bxh4cfOZeYKVPaJIZtZXV7GNCQ==}
    engines: {node: '>=4.0.0'}
    dependencies:
      array-back: 3.1.0
    dev: true

  /flat-cache@2.0.1:
    resolution: {integrity: sha512-LoQe6yDuUMDzQAEH8sgmh4Md6oZnc/7PjtwjNFSzveXqSHt6ka9fPBuso7IGf9Rz4uqnSnWiFH2B/zj24a5ReA==}
    engines: {node: '>=4'}
    dependencies:
      flatted: 2.0.2
      rimraf: 2.6.3
      write: 1.0.3
    dev: true

  /flatted@2.0.2:
    resolution: {integrity: sha512-r5wGx7YeOwNWNlCA0wQ86zKyDLMQr+/RB8xy74M4hTphfmjlijTSSXGuH8rnvKZnfT9i+75zmd8jcKdMR4O6jA==}
    dev: true

  /fs-then-native@2.0.0:
    resolution: {integrity: sha1-GaEk2U2QwiyOBF8ujdbr6jbUjGc=}
    engines: {node: '>=4.0.0'}
    dev: true

  /fs.realpath@1.0.0:
    resolution: {integrity: sha1-FQStJSMVjKpA20onh8sBQRmU6k8=}
    dev: true

  /functional-red-black-tree@1.0.1:
    resolution: {integrity: sha1-GwqzvVU7Kg1jmdKcDj6gslIHgyc=}
    dev: true

  /glob-parent@5.1.1:
    resolution: {integrity: sha512-FnI+VGOpnlGHWZxthPGR+QhR78fuiK0sNLkHQv+bL9fQi57lNNdquIbna/WrfROrolq8GK5Ek6BiMwqL/voRYQ==}
    engines: {node: '>= 6'}
    dependencies:
      is-glob: 4.0.1
    dev: true

  /glob@7.1.2:
    resolution: {integrity: sha512-MJTUg1kjuLeQCJ+ccE4Vpa6kKVXkPYJ2mOCQyUuKLcLQsdrMCpBPUi8qVE6+YuaJkozeA9NusTAw3hLr8Xe5EQ==}
    dependencies:
      fs.realpath: 1.0.0
      inflight: 1.0.6
      inherits: 2.0.4
      minimatch: 3.0.4
      once: 1.4.0
      path-is-absolute: 1.0.1
    dev: true

  /glob@7.1.4:
    resolution: {integrity: sha512-hkLPepehmnKk41pUGm3sYxoFs/umurYfYJCerbXEyFIWcAzvpipAgVkBqqT9RBKMGjnq6kMuyYwha6csxbiM1A==}
    dependencies:
      fs.realpath: 1.0.0
      inflight: 1.0.6
      inherits: 2.0.4
      minimatch: 3.0.4
      once: 1.4.0
      path-is-absolute: 1.0.1
    dev: true

  /glob@7.1.6:
    resolution: {integrity: sha512-LwaxwyZ72Lk7vZINtNNrywX0ZuLyStrdDtabefZKAY5ZGJhVtgdznluResxNmPitE0SAO+O26sWTHeKSI2wMBA==}
    dependencies:
      fs.realpath: 1.0.0
      inflight: 1.0.6
      inherits: 2.0.4
      minimatch: 3.0.4
      once: 1.4.0
      path-is-absolute: 1.0.1
    dev: true

  /globals@12.4.0:
    resolution: {integrity: sha512-BWICuzzDvDoH54NHKCseDanAhE3CeDorgDL5MT6LMXXj2WCnd9UC2szdk4AWLfjdgNBCXLUanXYcpBBKOSWGwg==}
    engines: {node: '>=8'}
    dependencies:
      type-fest: 0.8.1
    dev: true

  /graceful-fs@4.2.0:
    resolution: {integrity: sha512-jpSvDPV4Cq/bgtpndIWbI5hmYxhQGHPC4d4cqBPb4DLniCfhJokdXhwhaDuLBGLQdvvRum/UiX6ECVIPvDXqdg==}
    dev: true

  /growl@1.10.5:
    resolution: {integrity: sha512-qBr4OuELkhPenW6goKVXiv47US3clb3/IbuWF9KNKEijAy9oeHxU9IgzjvJhHkUzhaj7rOUD7+YGWqUjLp5oSA==}
    engines: {node: '>=4.x'}
    dev: true

  /handlebars@4.1.2:
    resolution: {integrity: sha512-nvfrjqvt9xQ8Z/w0ijewdD/vvWDTOweBUm96NTr66Wfvo1mJenBLwcYmPs3TIBP5ruzYGD7Hx/DaM9RmhroGPw==}
    engines: {node: '>=0.4.7'}
    hasBin: true
    dependencies:
      neo-async: 2.6.1
      optimist: 0.6.1
      source-map: 0.6.1
    optionalDependencies:
      uglify-js: 3.6.0
    dev: true

  /has-flag@3.0.0:
    resolution: {integrity: sha1-tdRU3CGZriJWmfNGfloH87lVuv0=}
    engines: {node: '>=4'}
    dev: true

  /has-flag@4.0.0:
    resolution: {integrity: sha512-EykJT/Q1KjTWctppgIAgfSO0tKVuZUjhgMr17kqTumMl6Afv3EISleU7qZUzoXDFTAHTDC4NOoG/ZxU3EvlMPQ==}
    engines: {node: '>=8'}
    dev: true

  /he@1.1.1:
    resolution: {integrity: sha1-k0EP0hsAlzUVH4howvJx80J+I/0=}
    hasBin: true
    dev: true

  /ignore@4.0.6:
    resolution: {integrity: sha512-cyFDKrqc/YdcWFniJhzI42+AzS+gNwmUzOSFcRCQYwySuBBBy/KjuxWLZ/FHEH6Moq1NizMOBWyTcv8O4OZIMg==}
    engines: {node: '>= 4'}
    dev: true

  /import-fresh@3.2.1:
    resolution: {integrity: sha512-6e1q1cnWP2RXD9/keSkxHScg508CdXqXWgWBaETNhyuBFz+kUZlKboh+ISK+bU++DmbHimVBrOz/zzPe0sZ3sQ==}
    engines: {node: '>=6'}
    dependencies:
      parent-module: 1.0.1
      resolve-from: 4.0.0
    dev: true

  /imurmurhash@0.1.4:
    resolution: {integrity: sha1-khi5srkoojixPcT7a21XbyMUU+o=}
    engines: {node: '>=0.8.19'}
    dev: true

  /inflight@1.0.6:
    resolution: {integrity: sha1-Sb1jMdfQLQwJvJEKEHW6gWW1bfk=}
    dependencies:
      once: 1.4.0
      wrappy: 1.0.2
    dev: true

  /inherits@2.0.4:
    resolution: {integrity: sha512-k/vGaX4/Yla3WzyMCvTQOXYeIHvqOKtnqBduzTHpzpQZzAskKMhZ2K+EnBiSM9zGSoIFeMpXKxa4dYeZIQqewQ==}
    dev: true

  /is-extglob@2.1.1:
    resolution: {integrity: sha1-qIwCU1eR8C7TfHahueqXc8gz+MI=}
    engines: {node: '>=0.10.0'}
    dev: true

  /is-fullwidth-code-point@2.0.0:
    resolution: {integrity: sha1-o7MKXE8ZkYMWeqq5O+764937ZU8=}
    engines: {node: '>=4'}
    dev: true

  /is-glob@4.0.1:
    resolution: {integrity: sha512-5G0tKtBTFImOqDnLB2hG6Bp2qcKEFduo4tZu9MT/H6NQv/ghhy30o55ufafxJ/LdH79LLs2Kfrn85TLKyA7BUg==}
    engines: {node: '>=0.10.0'}
    dependencies:
      is-extglob: 2.1.1
    dev: true

  /isexe@2.0.0:
    resolution: {integrity: sha1-6PvzdNxVb/iUehDcsFctYz8s+hA=}
    dev: true

  /js-tokens@4.0.0:
    resolution: {integrity: sha512-RdJUflcE3cUzKiMqQgsCu06FPu9UdIJO0beYbPhHN4k6apgJtifcoCtT9bcxOpYBtpD2kCM6Sbzg4CausW/PKQ==}
    dev: true

  /js-yaml@3.14.0:
    resolution: {integrity: sha512-/4IbIeHcD9VMHFqDR/gQ7EdZdLimOvW2DdcxFjdyyZ9NsbS+ccrXqVWDtab/lRl5AlUqmpBx8EhPaWR+OtY17A==}
    hasBin: true
    dependencies:
      argparse: 1.0.10
      esprima: 4.0.1
    dev: true

  /js2xmlparser@3.0.0:
    resolution: {integrity: sha1-P7YOqgicVED5MZ9RdgzNB+JJlzM=}
    dependencies:
      xmlcreate: 1.0.2
    dev: true

  /jsdoc-api@4.0.3:
    resolution: {integrity: sha512-dfYq9JgB+XahY0XfSEw93PmXmocjwYcvJ5aMuQUJ/OdDRGWamf2SSOk3W06Bsj8qdjp/UdefzqpP/mpwsvHuvA==}
    engines: {node: '>=4.0.0'}
    dependencies:
      array-back: 2.0.0
      cache-point: 0.4.1
      collect-all: 1.0.3
      file-set: 2.0.1
      fs-then-native: 2.0.0
      jsdoc: 3.5.5
      object-to-spawn-args: 1.1.1
      temp-path: 1.0.0
      walk-back: 3.0.1
    dev: true

  /jsdoc-parse@3.0.1:
    resolution: {integrity: sha512-btZLp4wYl90vcAfgk4hoGQbO17iBVrhh3LJRMKZNtZgniO3F8H2CjxXld0owBIB1XxN+j3bAcWZnZKMnSj3iMA==}
    engines: {node: '>=4.0.0'}
    dependencies:
      array-back: 2.0.0
      lodash.omit: 4.5.0
      lodash.pick: 4.4.0
      reduce-extract: 1.0.0
      sort-array: 2.0.0
      test-value: 3.0.0
    dev: true

  /jsdoc-to-markdown@4.0.1:
    resolution: {integrity: sha512-LHJRoLoLyDdxNcColgkLoB/rFG5iRP+PNJjMILI0x+95IdEAtyjSt0wJ6ZlKxRpkhBYtQXTQQ119hMqPIUZzTQ==}
    engines: {node: '>=4.0.0'}
    hasBin: true
    dependencies:
      array-back: 2.0.0
      command-line-tool: 0.8.0
      config-master: 3.1.0
      dmd: 3.0.13
      jsdoc-api: 4.0.3
      jsdoc-parse: 3.0.1
      walk-back: 3.0.1
    dev: true

  /jsdoc@3.5.5:
    resolution: {integrity: sha512-6PxB65TAU4WO0Wzyr/4/YhlGovXl0EVYfpKbpSroSj0qBxT4/xod/l40Opkm38dRHRdQgdeY836M0uVnJQG7kg==}
    engines: {node: '>=4.2.0'}
    hasBin: true
    dependencies:
      babylon: 7.0.0-beta.19
      bluebird: 3.5.5
      catharsis: 0.8.10
      escape-string-regexp: 1.0.5
      js2xmlparser: 3.0.0
      klaw: 2.0.0
      marked: 0.3.19
      mkdirp: 0.5.1
      requizzle: 0.2.2
      strip-json-comments: 2.0.1
      taffydb: 2.6.2
      underscore: 1.8.3
    dev: true

  /json-schema-traverse@0.4.1:
    resolution: {integrity: sha512-xbbCH5dCYU5T8LcEhhuh7HJ88HXuW3qsI3Y0zOZFKfZEHcpWiHU/Jxzk629Brsab/mMiHQti9wMP+845RPe3Vg==}
    dev: true

  /json-stable-stringify-without-jsonify@1.0.1:
    resolution: {integrity: sha1-nbe1lJatPzz+8wp1FC0tkwrXJlE=}
    dev: true

  /klaw@2.0.0:
    resolution: {integrity: sha1-WcEo4Nxc5BAgEVEZTuucv4WGUPY=}
    dependencies:
      graceful-fs: 4.2.0
    dev: true

  /levn@0.4.1:
    resolution: {integrity: sha512-+bT2uH4E5LGE7h/n3evcS/sQlJXCpIp6ym8OWJ5eV6+67Dsql/LaaT7qJBAt2rzfoa/5QBGBhxDix1dMt2kQKQ==}
    engines: {node: '>= 0.8.0'}
    dependencies:
      prelude-ls: 1.2.1
      type-check: 0.4.0
    dev: true

  /lodash.camelcase@4.3.0:
    resolution: {integrity: sha1-soqmKIorn8ZRA1x3EfZathkDMaY=}
    dev: true

  /lodash.omit@4.5.0:
    resolution: {integrity: sha1-brGa5aHuHdnfC5aeZs4Lf6MLXmA=}
    dev: true

  /lodash.padend@4.6.1:
    resolution: {integrity: sha1-U8y6BH0G4VjTEfRdpiX05J5vFm4=}
    dev: true

  /lodash.pick@4.4.0:
    resolution: {integrity: sha1-UvBWEP/53tQiYRRB7R/BI6AwAbM=}
    dev: true

  /lodash@4.17.14:
    resolution: {integrity: sha512-mmKYbW3GLuJeX+iGP+Y7Gp1AiGHGbXHCOh/jZmrawMmsE7MS4znI3RL2FsjbqOyMayHInjOeykW7PEajUk1/xw==}
    dev: true

  /lodash@4.17.20:
    resolution: {integrity: sha512-PlhdFcillOINfeV7Ni6oF1TAEayyZBoZ8bcshTHqOYJYlrqzRK5hagpagky5o4HfCzzd1TRkXPMFq6cKk9rGmA==}
    dev: true

  /marked@0.3.19:
    resolution: {integrity: sha512-ea2eGWOqNxPcXv8dyERdSr/6FmzvWwzjMxpfGB/sbMccXoct+xY+YukPD+QTUZwyvK7BZwcr4m21WBOW41pAkg==}
    engines: {node: '>=0.10.0'}
    hasBin: true
    dev: true

  /minimatch@3.0.4:
    resolution: {integrity: sha512-yJHVQEhyqPLUTgt9B83PXu6W3rx4MvvHvSUvToogpwoGDOUQ+yDrR0HRot+yOCdCO7u4hX3pWft6kWBBcqh0UA==}
    dependencies:
      brace-expansion: 1.1.11
    dev: true

  /minimist@0.0.10:
    resolution: {integrity: sha1-3j+YVD2/lggr5IrRoMfNqDYwHc8=}
    dev: true

  /minimist@0.0.8:
    resolution: {integrity: sha1-hX/Kv8M5fSYluCKCYuhqp6ARsF0=}
    dev: true

  /minimist@1.2.5:
    resolution: {integrity: sha512-FM9nNUYrRBAELZQT3xeZQ7fmMOBg6nWNmJKTcgsJeaLstP/UODVpGsr5OhXhhXg6f+qtJ8uiZ+PUxkDWcgIXLw==}
    dev: true

  /mkdirp2@1.0.4:
    resolution: {integrity: sha512-Q2PKB4ZR4UPtjLl76JfzlgSCUZhSV1AXQgAZa1qt5RiaALFjP/CDrGvFBrOz7Ck6McPcwMAxTsJvWOUjOU8XMw==}
    dev: true

  /mkdirp@0.5.1:
    resolution: {integrity: sha1-MAV0OOrGz3+MR2fzhkjWaX11yQM=}
    hasBin: true
    dependencies:
      minimist: 0.0.8
    dev: true

  /mkdirp@0.5.5:
    resolution: {integrity: sha512-NKmAlESf6jMGym1++R0Ra7wvhV+wFW63FaSOFPwRahvea0gMUcGUhVeAg/0BC0wiv9ih5NYPB1Wn1UEI1/L+xQ==}
    hasBin: true
    dependencies:
      minimist: 1.2.5
    dev: true

  /mocha@5.2.0:
    resolution: {integrity: sha512-2IUgKDhc3J7Uug+FxMXuqIyYzH7gJjXECKe/w43IGgQHTSj3InJi+yAA7T24L9bQMRKiUEHxEX37G5JpVUGLcQ==}
    engines: {node: '>= 4.0.0'}
    hasBin: true
    dependencies:
      browser-stdout: 1.3.1
      commander: 2.15.1
      debug: 3.1.0(supports-color@5.4.0)
      diff: 3.5.0
      escape-string-regexp: 1.0.5
      glob: 7.1.2
      growl: 1.10.5
      he: 1.1.1
      minimatch: 3.0.4
      mkdirp: 0.5.1
      supports-color: 5.4.0
    dev: true

  /ms@2.0.0:
    resolution: {integrity: sha1-VgiurfwAvmwpAd9fmGF4jeDVl8g=}
    dev: true

  /ms@2.1.2:
    resolution: {integrity: sha512-sGkPx+VjMtmA6MX27oA4FBFELFCZZ4S4XqeGOXCv68tT+jb3vk/RyaKWP0PTKyWtmLSM0b+adUTEvbs1PEaH2w==}
    dev: true

  /natural-compare@1.4.0:
    resolution: {integrity: sha1-Sr6/7tdUHywnrPspvbvRXI1bpPc=}
    dev: true

  /neo-async@2.6.1:
    resolution: {integrity: sha512-iyam8fBuCUpWeKPGpaNMetEocMt364qkCsfL9JuhjXX6dRnguRVOfk2GZaDpPjcOKiiXCPINZC1GczQ7iTq3Zw==}
    dev: true

  /object-get@2.1.0:
    resolution: {integrity: sha1-ciu9tgA576R8rTxtws5RqFwCxa4=}
    dev: true

  /object-to-spawn-args@1.1.1:
    resolution: {integrity: sha1-d9qIJ/Bz0BHJ4bFz+JV4FHAkZ4U=}
    dev: true

  /once@1.4.0:
    resolution: {integrity: sha1-WDsap3WWHUsROsF9nFC6753Xa9E=}
    dependencies:
      wrappy: 1.0.2
    dev: true

  /optimist@0.6.1:
    resolution: {integrity: sha1-2j6nRob6IaGaERwybpDrFaAZZoY=}
    dependencies:
      minimist: 0.0.10
      wordwrap: 0.0.3
    dev: true

  /optionator@0.9.1:
    resolution: {integrity: sha512-74RlY5FCnhq4jRxVUPKDaRwrVNXMqsGsiW6AJw4XK8hmtm10wC0ypZBLw5IIp85NZMr91+qd1RvvENwg7jjRFw==}
    engines: {node: '>= 0.8.0'}
    dependencies:
      deep-is: 0.1.3
      fast-levenshtein: 2.0.6
      levn: 0.4.1
      prelude-ls: 1.2.1
      type-check: 0.4.0
      word-wrap: 1.2.3
    dev: true

  /parent-module@1.0.1:
    resolution: {integrity: sha512-GQ2EWRpQV8/o+Aw8YqtfZZPfNRWZYkbidE9k5rpl/hC3vtHHBfGm2Ifi6qWV+coDGkrUKZAxE3Lot5kcsRlh+g==}
    engines: {node: '>=6'}
    dependencies:
      callsites: 3.1.0
    dev: true

  /path-is-absolute@1.0.1:
    resolution: {integrity: sha1-F0uSaHNVNP+8es5r9TpanhtcX18=}
    engines: {node: '>=0.10.0'}
    dev: true

  /path-key@3.1.1:
    resolution: {integrity: sha512-ojmeN0qd+y0jszEtoY48r0Peq5dwMEkIlCOu6Q5f41lfkswXuKtYrhgoTpLnyIcHm24Uhqx+5Tqm2InSwLhE6Q==}
    engines: {node: '>=8'}
    dev: true

  /prelude-ls@1.2.1:
    resolution: {integrity: sha512-vkcDPrRZo1QZLbn5RLGPpg/WmIQ65qoWWhcGKf/b5eplkkarX0m9z8ppCat4mlOqUsWpyNuYgO3VRyrYHSzX5g==}
    engines: {node: '>= 0.8.0'}
    dev: true

  /progress@2.0.3:
    resolution: {integrity: sha512-7PiHtLll5LdnKIMw100I+8xJXR5gW2QwWYkT6iJva0bXitZKa/XMrSbdmg3r2Xnaidz9Qumd0VPaMrZlF9V9sA==}
    engines: {node: '>=0.4.0'}
    dev: true

  /punycode@2.1.1:
    resolution: {integrity: sha512-XRsRjdf+j5ml+y/6GKHPZbrF/8p2Yga0JPtdqTIY2Xe5ohJPD9saDJJLPvp9+NSBprVvevdXZybnj2cv8OEd0A==}
    engines: {node: '>=6'}
    dev: true

  /reduce-extract@1.0.0:
    resolution: {integrity: sha1-Z/I4W+2mUGG19fQxJmLosIDKFSU=}
    engines: {node: '>=0.10.0'}
    dependencies:
      test-value: 1.1.0
    dev: true

  /reduce-flatten@1.0.1:
    resolution: {integrity: sha1-JYx479FT3fk8tWEjf2EYTzaW4yc=}
    engines: {node: '>=0.10.0'}
    dev: true

  /reduce-unique@1.0.0:
    resolution: {integrity: sha1-flhrz4ek4ytter2Cd/rWzeyfSAM=}
    engines: {node: '>=0.10.0'}
    dev: true

  /reduce-without@1.0.1:
    resolution: {integrity: sha1-aK0OrRGFXJo31OglbBW7+Hly/Iw=}
    engines: {node: '>=0.10.0'}
    dependencies:
      test-value: 2.1.0
    dev: true

  /regexpp@3.1.0:
    resolution: {integrity: sha512-ZOIzd8yVsQQA7j8GCSlPGXwg5PfmA1mrq0JP4nGhh54LaKN3xdai/vHUDu74pKwV8OxseMS65u2NImosQcSD0Q==}
    engines: {node: '>=8'}
    dev: true

  /requizzle@0.2.2:
    resolution: {integrity: sha512-oJ6y7JcUJkblRGhMByGNcszeLgU0qDxNKFCiUZR1XyzHyVsev+Mxb1tyygxLd1ORsKee1SA5BInFdUwY64GE/A==}
    dependencies:
      lodash: 4.17.14
    dev: true

  /resolve-from@4.0.0:
    resolution: {integrity: sha512-pb/MYmXstAkysRFx8piNI1tGFNQIFA3vkE3Gq4EuA1dF6gHp/+vgZqsCGJapvy8N3Q+4o7FwvquPJcnZ7RYy4g==}
    engines: {node: '>=4'}
    dev: true

  /rimraf@2.6.3:
    resolution: {integrity: sha512-mwqeW5XsA2qAejG46gYdENaxXjx9onRNCfn7L0duuP4hCuTIi/QO7PDK07KJfp1d+izWPrzEJDcSqBa0OZQriA==}
    hasBin: true
    dependencies:
      glob: 7.1.6
    dev: true

  /semver@7.3.2:
    resolution: {integrity: sha512-OrOb32TeeambH6UrhtShmF7CRDqhL6/5XpPNp2DuRH6+9QLw/orhp72j87v8Qa1ScDkvrrBNpZcDejAirJmfXQ==}
    engines: {node: '>=10'}
    hasBin: true
    dev: true

  /shebang-command@2.0.0:
    resolution: {integrity: sha512-kHxr2zZpYtdmrN1qDjrrX/Z1rR1kG8Dx+gkpK1G4eXmvXswmcE1hTWBWYUzlraYw1/yZp6YuDY77YtvbN0dmDA==}
    engines: {node: '>=8'}
    dependencies:
      shebang-regex: 3.0.0
    dev: true

  /shebang-regex@3.0.0:
    resolution: {integrity: sha512-7++dFhtcx3353uBaq8DDR4NuxBetBzC7ZQOhmTQInHEd6bSrXdiEyzCvG07Z44UYdLShWUyXt5M/yhz8ekcb1A==}
    engines: {node: '>=8'}
    dev: true

  /slice-ansi@2.1.0:
    resolution: {integrity: sha512-Qu+VC3EwYLldKa1fCxuuvULvSJOKEgk9pi8dZeCVK7TqBfUNTH4sFkk4joj8afVSfAYgJoSOetjx9QWOJ5mYoQ==}
    engines: {node: '>=6'}
    dependencies:
      ansi-styles: 3.2.1
      astral-regex: 1.0.0
      is-fullwidth-code-point: 2.0.0
    dev: true

  /sort-array@2.0.0:
    resolution: {integrity: sha1-OKnG2if9fRR7QuYFVPKBGHtN9HI=}
    engines: {node: '>=4'}
    dependencies:
      array-back: 1.0.4
      object-get: 2.1.0
      typical: 2.6.1
    dev: true

  /source-map@0.6.1:
    resolution: {integrity: sha512-UjgapumWlbMhkBgzT7Ykc5YXUT46F0iKu8SGXq0bcwP5dz/h0Plj6enJqjz1Zbq2l5WaqYnrVbwWOWMyF3F47g==}
    engines: {node: '>=0.10.0'}
    dev: true

  /sprintf-js@1.0.3:
    resolution: {integrity: sha1-BOaSb2YolTVPPdAVIDYzuFcpfiw=}
    dev: true

  /stream-connect@1.0.2:
    resolution: {integrity: sha1-GLyB8u2zW4tdmoAJIAqYUxRCipc=}
    engines: {node: '>=0.10.0'}
    dependencies:
      array-back: 1.0.4
    dev: true

  /stream-via@1.0.4:
    resolution: {integrity: sha512-DBp0lSvX5G9KGRDTkR/R+a29H+Wk2xItOF+MpZLLNDWbEV9tGPnqLPxHEYjmiz8xGtJHRIqmI+hCjmNzqoA4nQ==}
    engines: {node: '>=0.10.0'}
    dev: true

  /string-width@3.1.0:
    resolution: {integrity: sha512-vafcv6KjVZKSgz06oM/H6GDBrAtz8vdhQakGjFIvNrHA6y3HCF1CInLy+QLq8dTJPQ1b+KDUqDFctkdRW44e1w==}
    engines: {node: '>=6'}
    dependencies:
      emoji-regex: 7.0.3
      is-fullwidth-code-point: 2.0.0
      strip-ansi: 5.2.0
    dev: true

  /strip-ansi@5.2.0:
    resolution: {integrity: sha512-DuRs1gKbBqsMKIZlrffwlug8MHkcnpjs5VPmL1PAh+mA30U0DTotfDZ0d2UUsXpPmPmMMJ6W773MaA3J+lbiWA==}
    engines: {node: '>=6'}
    dependencies:
      ansi-regex: 4.1.1
    dev: true

  /strip-ansi@6.0.0:
    resolution: {integrity: sha512-AuvKTrTfQNYNIctbR1K/YGTR1756GycPsg7b9bdV9Duqur4gv6aKqHXah67Z8ImS7WEz5QVcOtlfW2rZEugt6w==}
    engines: {node: '>=8'}
    dependencies:
      ansi-regex: 5.0.0
    dev: true

  /strip-json-comments@2.0.1:
    resolution: {integrity: sha1-PFMZQukIwml8DsNEhYwobHygpgo=}
    engines: {node: '>=0.10.0'}
    dev: true

  /strip-json-comments@3.1.1:
    resolution: {integrity: sha512-6fPc+R4ihwqP6N/aIv2f1gMH8lOVtWQHoqC4yK6oSDVVocumAsfCqjkXnqiYMhmMwS/mEHLp7Vehlt3ql6lEig==}
    engines: {node: '>=8'}
    dev: true

  /supports-color@5.4.0:
    resolution: {integrity: sha512-zjaXglF5nnWpsq470jSv6P9DwPvgLkuapYmfDm3JWOm0vkNTVF2tI4UrN2r6jH1qM/uc/WtxYY1hYoA2dOKj5w==}
    engines: {node: '>=4'}
    dependencies:
      has-flag: 3.0.0
    dev: true

  /supports-color@5.5.0:
    resolution: {integrity: sha512-QjVjwdXIt408MIiAqCX4oUKsgU2EqAGzs2Ppkm4aQYbjm+ZEWEcW4SfFNTr4uMNZma0ey4f5lgLrkB0aX0QMow==}
    engines: {node: '>=4'}
    dependencies:
      has-flag: 3.0.0
    dev: true

  /supports-color@7.1.0:
    resolution: {integrity: sha512-oRSIpR8pxT1Wr2FquTNnGet79b3BWljqOuoW/h4oBhxJ/HUbX5nX6JSruTkvXDCFMwDPvsaTTbvMLKZWSy0R5g==}
    engines: {node: '>=8'}
    dependencies:
      has-flag: 4.0.0
    dev: true

  /table-layout@0.4.5:
    resolution: {integrity: sha512-zTvf0mcggrGeTe/2jJ6ECkJHAQPIYEwDoqsiqBjI24mvRmQbInK5jq33fyypaCBxX08hMkfmdOqj6haT33EqWw==}
    engines: {node: '>=4.0.0'}
    dependencies:
      array-back: 2.0.0
      deep-extend: 0.6.0
      lodash.padend: 4.6.1
      typical: 2.6.1
      wordwrapjs: 3.0.0
    dev: true

  /table@5.4.6:
    resolution: {integrity: sha512-wmEc8m4fjnob4gt5riFRtTu/6+4rSe12TpAELNSqHMfF3IqnA+CH37USM6/YR3qRZv7e56kAEAtd6nKZaxe0Ug==}
    engines: {node: '>=6.0.0'}
    dependencies:
      ajv: 6.12.4
      lodash: 4.17.20
      slice-ansi: 2.1.0
      string-width: 3.1.0
    dev: true

  /taffydb@2.6.2:
    resolution: {integrity: sha1-fLy2S1oUG2ou/CxdLGe04VCyomg=}
    dev: true

  /temp-path@1.0.0:
    resolution: {integrity: sha1-JLFUOXOrRCiW2a02fdnL2/r+kYs=}
    dev: true

  /test-value@1.1.0:
    resolution: {integrity: sha1-oJE29y7AQ9J8iTcHwrFZv6196T8=}
    engines: {node: '>=0.10.0'}
    dependencies:
      array-back: 1.0.4
      typical: 2.6.1
    dev: true

  /test-value@2.1.0:
    resolution: {integrity: sha1-Edpv9nDzRxpztiXKTz/c97t0gpE=}
    engines: {node: '>=0.10.0'}
    dependencies:
      array-back: 1.0.4
      typical: 2.6.1
    dev: true

  /test-value@3.0.0:
    resolution: {integrity: sha512-sVACdAWcZkSU9x7AOmJo5TqE+GyNJknHaHsMrR6ZnhjVlVN9Yx6FjHrsKZ3BjIpPCT68zYesPWkakrNupwfOTQ==}
    engines: {node: '>=4.0.0'}
    dependencies:
      array-back: 2.0.0
      typical: 2.6.1
    dev: true

  /text-table@0.2.0:
    resolution: {integrity: sha1-f17oI66AUgfACvLfSoTsP8+lcLQ=}
    dev: true

  /tslib@1.13.0:
    resolution: {integrity: sha512-i/6DQjL8Xf3be4K/E6Wgpekn5Qasl1usyw++dAA35Ue5orEn65VIxOA+YvNNl9HV3qv70T7CNwjODHZrLwvd1Q==}
    dev: true

  /tsutils@3.17.1(typescript@3.5.3):
    resolution: {integrity: sha512-kzeQ5B8H3w60nFY2g8cJIuH7JDpsALXySGtwGJ0p2LSjLgay3NdIpqq5SoOBe46bKDW2iq25irHCr8wjomUS2g==}
    engines: {node: '>= 6'}
    peerDependencies:
      typescript: '>=2.8.0 || >= 3.2.0-dev || >= 3.3.0-dev || >= 3.4.0-dev || >= 3.5.0-dev || >= 3.6.0-dev || >= 3.6.0-beta || >= 3.7.0-dev || >= 3.7.0-beta'
    dependencies:
      tslib: 1.13.0
      typescript: 3.5.3
    dev: true

  /type-check@0.4.0:
    resolution: {integrity: sha512-XleUoc9uwGXqjWwXaUTZAmzMcFZ5858QA2vvx1Ur5xIcixXIP+8LnFDgRplU30us6teqdlskFfu+ae4K79Ooew==}
    engines: {node: '>= 0.8.0'}
    dependencies:
      prelude-ls: 1.2.1
    dev: true

  /type-fest@0.8.1:
    resolution: {integrity: sha512-4dbzIzqvjtgiM5rw1k5rEHtBANKmdudhGyBEajN01fEyhaAIhsoKNy6y7+IN93IfpFtwY9iqi7kD+xwKhQsNJA==}
    engines: {node: '>=8'}
    dev: true

  /typescript@3.5.3:
    resolution: {integrity: sha512-ACzBtm/PhXBDId6a6sDJfroT2pOWt/oOnk4/dElG5G33ZL776N3Y6/6bKZJBFpd+b05F3Ct9qDjMeJmRWtE2/g==}
    engines: {node: '>=4.2.0'}
    hasBin: true
    dev: true

  /typical@2.6.1:
    resolution: {integrity: sha1-XAgOXWYcu+OCWdLnCjxyU+hziB0=}
    dev: true

  /typical@4.0.0:
    resolution: {integrity: sha512-VAH4IvQ7BDFYglMd7BPRDfLgxZZX4O4TFcRDA6EN5X7erNJJq+McIEp8np9aVtxrCJ6qx4GTYVfOWNjcqwZgRw==}
    engines: {node: '>=8'}
    dev: true

  /uglify-js@3.6.0:
    resolution: {integrity: sha512-W+jrUHJr3DXKhrsS7NUVxn3zqMOFn0hL/Ei6v0anCIMoKC93TjcflTagwIHLW7SfMFfiQuktQyFVCFHGUE0+yg==}
    engines: {node: '>=0.8.0'}
    hasBin: true
    requiresBuild: true
    dependencies:
      commander: 2.20.0
      source-map: 0.6.1
    dev: true
    optional: true

  /underscore@1.8.3:
    resolution: {integrity: sha1-Tz+1OxBuYJf8+ctBCfKl6b36UCI=}
    dev: true

  /uri-js@4.2.2:
    resolution: {integrity: sha512-KY9Frmirql91X2Qgjry0Wd4Y+YTdrdZheS8TFwvkbLWf/G5KNJDCh6pKL5OZctEW4+0Baa5idK2ZQuELRwPznQ==}
    dependencies:
      punycode: 2.1.1
    dev: true

  /v8-compile-cache@2.1.1:
    resolution: {integrity: sha512-8OQ9CL+VWyt3JStj7HX7/ciTL2V3Rl1Wf5OL+SNTm0yK1KvtReVulksyeRnCANHHuUxHlQig+JJDlUhBt1NQDQ==}
    dev: true

  /vet@2.6.0:
    resolution: {integrity: sha512-Aw6qKRwPss9TtPGYMz0xPHw4+GoGvZN3v1Q8+olIA2G021/uNKvXKx6spdzlj9wJCQsvepPAbVxuEjQ6HOupJw==}
    dev: true

  /walk-back@2.0.1:
    resolution: {integrity: sha1-VU4qnYdPrEeoywBr9EwvDEmYoKQ=}
    engines: {node: '>=0.10.0'}
    dev: true

  /walk-back@3.0.1:
    resolution: {integrity: sha512-umiNB2qLO731Sxbp6cfZ9pwURJzTnftxE4Gc7hq8n/ehkuXC//s9F65IEIJA2ZytQZ1ZOsm/Fju4IWx0bivkUQ==}
    engines: {node: '>=4.0.0'}
    dev: true

  /which@2.0.2:
    resolution: {integrity: sha512-BLI3Tl1TW3Pvl70l3yq3Y64i+awpwXqsGBYWkkqMtnbXgrMD+yj7rhW0kuEDxzJaYXGjEW5ogapKNMEKNMjibA==}
    engines: {node: '>= 8'}
    hasBin: true
    dependencies:
      isexe: 2.0.0
    dev: true

  /word-wrap@1.2.3:
    resolution: {integrity: sha512-Hz/mrNwitNRh/HUAtM/VT/5VH+ygD6DV7mYKZAtHOrbs8U7lvPS6xf7EJKMF0uW1KJCl0H701g3ZGus+muE5vQ==}
    engines: {node: '>=0.10.0'}
    dev: true

  /wordwrap@0.0.3:
    resolution: {integrity: sha1-o9XabNXAvAAI03I0u68b7WMFkQc=}
    engines: {node: '>=0.4.0'}
    dev: true

  /wordwrapjs@3.0.0:
    resolution: {integrity: sha512-mO8XtqyPvykVCsrwj5MlOVWvSnCdT+C+QVbm6blradR7JExAhbkZ7hZ9A+9NUtwzSqrlUo9a67ws0EiILrvRpw==}
    engines: {node: '>=4.0.0'}
    dependencies:
      reduce-flatten: 1.0.1
      typical: 2.6.1
    dev: true

  /wrappy@1.0.2:
    resolution: {integrity: sha1-tSQ9jz7BqjXxNkYFvA0QNuMKtp8=}
    dev: true

  /write@1.0.3:
    resolution: {integrity: sha512-/lg70HAjtkUgWPVZhZcm+T4hkL8Zbtp1nFNOn3lRrxnlv50SRBv7cR7RqR+GMsd3hUXy9hWBo4CHTbFTcOYwig==}
    engines: {node: '>=4'}
    dependencies:
      mkdirp: 0.5.5
    dev: true

  /xmlcreate@1.0.2:
    resolution: {integrity: sha1-+mv3YqYKQT+z3Y9LA8WyaSONMI8=}
    dev: true
